// !$*UTF8*$!
{
	archiveVersion = 1;
	classes = {
	};
	objectVersion = 50;
	objects = {

/* Begin PBXBuildFile section */
		44FD536526C29A1300C0E931 /* AppDelegate.swift in Sources */ = {isa = PBXBuildFile; fileRef = 44FD536426C29A1300C0E931 /* AppDelegate.swift */; };
		44FD536726C29A1300C0E931 /* SceneDelegate.swift in Sources */ = {isa = PBXBuildFile; fileRef = 44FD536626C29A1300C0E931 /* SceneDelegate.swift */; };
		44FD536C26C29A1300C0E931 /* Main.storyboard in Resources */ = {isa = PBXBuildFile; fileRef = 44FD536A26C29A1300C0E931 /* Main.storyboard */; };
		44FD536E26C29A1B00C0E931 /* Assets.xcassets in Resources */ = {isa = PBXBuildFile; fileRef = 44FD536D26C29A1B00C0E931 /* Assets.xcassets */; };
		44FD537126C29A1B00C0E931 /* LaunchScreen.storyboard in Resources */ = {isa = PBXBuildFile; fileRef = 44FD536F26C29A1B00C0E931 /* LaunchScreen.storyboard */; };
		44FD537A26C29BEE00C0E931 /* LoginViewController.swift in Sources */ = {isa = PBXBuildFile; fileRef = 44FD537926C29BEE00C0E931 /* LoginViewController.swift */; };
		44FD537E26C2BAAA00C0E931 /* FirstPageViewController.swift in Sources */ = {isa = PBXBuildFile; fileRef = 44FD537D26C2BAAA00C0E931 /* FirstPageViewController.swift */; };
		44FD538126C2BAD500C0E931 /* SecondPageViewController.swift in Sources */ = {isa = PBXBuildFile; fileRef = 44FD538026C2BAD500C0E931 /* SecondPageViewController.swift */; };
/* End PBXBuildFile section */

/* Begin PBXFileReference section */
		44FD536126C29A1300C0E931 /* RandomProject.app */ = {isa = PBXFileReference; explicitFileType = wrapper.application; includeInIndex = 0; path = RandomProject.app; sourceTree = BUILT_PRODUCTS_DIR; };
		44FD536426C29A1300C0E931 /* AppDelegate.swift */ = {isa = PBXFileReference; lastKnownFileType = sourcecode.swift; path = AppDelegate.swift; sourceTree = "<group>"; };
		44FD536626C29A1300C0E931 /* SceneDelegate.swift */ = {isa = PBXFileReference; lastKnownFileType = sourcecode.swift; path = SceneDelegate.swift; sourceTree = "<group>"; };
		44FD536B26C29A1300C0E931 /* Base */ = {isa = PBXFileReference; lastKnownFileType = file.storyboard; name = Base; path = Base.lproj/Main.storyboard; sourceTree = "<group>"; };
		44FD536D26C29A1B00C0E931 /* Assets.xcassets */ = {isa = PBXFileReference; lastKnownFileType = folder.assetcatalog; path = Assets.xcassets; sourceTree = "<group>"; };
		44FD537026C29A1B00C0E931 /* Base */ = {isa = PBXFileReference; lastKnownFileType = file.storyboard; name = Base; path = Base.lproj/LaunchScreen.storyboard; sourceTree = "<group>"; };
		44FD537226C29A1B00C0E931 /* Info.plist */ = {isa = PBXFileReference; lastKnownFileType = text.plist.xml; path = Info.plist; sourceTree = "<group>"; };
		44FD537926C29BEE00C0E931 /* LoginViewController.swift */ = {isa = PBXFileReference; lastKnownFileType = sourcecode.swift; path = LoginViewController.swift; sourceTree = "<group>"; };
		44FD537D26C2BAAA00C0E931 /* FirstPageViewController.swift */ = {isa = PBXFileReference; lastKnownFileType = sourcecode.swift; path = FirstPageViewController.swift; sourceTree = "<group>"; };
		44FD538026C2BAD500C0E931 /* SecondPageViewController.swift */ = {isa = PBXFileReference; lastKnownFileType = sourcecode.swift; path = SecondPageViewController.swift; sourceTree = "<group>"; };
/* End PBXFileReference section */

/* Begin PBXFrameworksBuildPhase section */
		44FD535E26C29A1300C0E931 /* Frameworks */ = {
			isa = PBXFrameworksBuildPhase;
			buildActionMask = 2147483647;
			files = (
			);
			runOnlyForDeploymentPostprocessing = 0;
		};
/* End PBXFrameworksBuildPhase section */

/* Begin PBXGroup section */
		44FD535826C29A1300C0E931 = {
			isa = PBXGroup;
			children = (
				44FD536326C29A1300C0E931 /* RandomProject */,
				44FD536226C29A1300C0E931 /* Products */,
			);
			sourceTree = "<group>";
		};
		44FD536226C29A1300C0E931 /* Products */ = {
			isa = PBXGroup;
			children = (
				44FD536126C29A1300C0E931 /* RandomProject.app */,
			);
			name = Products;
			sourceTree = "<group>";
		};
		44FD536326C29A1300C0E931 /* RandomProject */ = {
			isa = PBXGroup;
			children = (
				44FD536426C29A1300C0E931 /* AppDelegate.swift */,
				44FD536626C29A1300C0E931 /* SceneDelegate.swift */,
				44FD536A26C29A1300C0E931 /* Main.storyboard */,
				44FD538026C2BAD500C0E931 /* SecondPageViewController.swift */,
				44FD537D26C2BAAA00C0E931 /* FirstPageViewController.swift */,
				44FD537926C29BEE00C0E931 /* LoginViewController.swift */,
				44FD536D26C29A1B00C0E931 /* Assets.xcassets */,
				44FD536F26C29A1B00C0E931 /* LaunchScreen.storyboard */,
				44FD537226C29A1B00C0E931 /* Info.plist */,
			);
			path = RandomProject;
			sourceTree = "<group>";
		};
/* End PBXGroup section */

/* Begin PBXNativeTarget section */
		44FD536026C29A1300C0E931 /* RandomProject */ = {
			isa = PBXNativeTarget;
			buildConfigurationList = 44FD537526C29A1B00C0E931 /* Build configuration list for PBXNativeTarget "RandomProject" */;
			buildPhases = (
				44FD535D26C29A1300C0E931 /* Sources */,
				44FD535E26C29A1300C0E931 /* Frameworks */,
				44FD535F26C29A1300C0E931 /* Resources */,
			);
			buildRules = (
			);
			dependencies = (
			);
			name = RandomProject;
			productName = RandomProject;
			productReference = 44FD536126C29A1300C0E931 /* RandomProject.app */;
			productType = "com.apple.product-type.application";
		};
/* End PBXNativeTarget section */

/* Begin PBXProject section */
		44FD535926C29A1300C0E931 /* Project object */ = {
			isa = PBXProject;
			attributes = {
				LastSwiftUpdateCheck = 1240;
				LastUpgradeCheck = 1240;
				TargetAttributes = {
					44FD536026C29A1300C0E931 = {
						CreatedOnToolsVersion = 12.4;
					};
				};
			};
			buildConfigurationList = 44FD535C26C29A1300C0E931 /* Build configuration list for PBXProject "RandomProject" */;
			compatibilityVersion = "Xcode 9.3";
			developmentRegion = en;
			hasScannedForEncodings = 0;
			knownRegions = (
				en,
				Base,
			);
			mainGroup = 44FD535826C29A1300C0E931;
			productRefGroup = 44FD536226C29A1300C0E931 /* Products */;
			projectDirPath = "";
			projectRoot = "";
			targets = (
				44FD536026C29A1300C0E931 /* RandomProject */,
			);
		};
/* End PBXProject section */

/* Begin PBXResourcesBuildPhase section */
		44FD535F26C29A1300C0E931 /* Resources */ = {
			isa = PBXResourcesBuildPhase;
			buildActionMask = 2147483647;
			files = (
				44FD537126C29A1B00C0E931 /* LaunchScreen.storyboard in Resources */,
				44FD536E26C29A1B00C0E931 /* Assets.xcassets in Resources */,
				44FD536C26C29A1300C0E931 /* Main.storyboard in Resources */,
			);
			runOnlyForDeploymentPostprocessing = 0;
		};
/* End PBXResourcesBuildPhase section */

/* Begin PBXSourcesBuildPhase section */
		44FD535D26C29A1300C0E931 /* Sources */ = {
			isa = PBXSourcesBuildPhase;
			buildActionMask = 2147483647;
			files = (
				44FD537E26C2BAAA00C0E931 /* FirstPageViewController.swift in Sources */,
				44FD537A26C29BEE00C0E931 /* LoginViewController.swift in Sources */,
				44FD536526C29A1300C0E931 /* AppDelegate.swift in Sources */,
				44FD536726C29A1300C0E931 /* SceneDelegate.swift in Sources */,
				44FD538126C2BAD500C0E931 /* SecondPageViewController.swift in Sources */,
			);
			runOnlyForDeploymentPostprocessing = 0;
		};
/* End PBXSourcesBuildPhase section */

/* Begin PBXVariantGroup section */
		44FD536A26C29A1300C0E931 /* Main.storyboard */ = {
			isa = PBXVariantGroup;
			children = (
				44FD536B26C29A1300C0E931 /* Base */,
			);
			name = Main.storyboard;
			sourceTree = "<group>";
		};
		44FD536F26C29A1B00C0E931 /* LaunchScreen.storyboard */ = {
			isa = PBXVariantGroup;
			children = (
				44FD537026C29A1B00C0E931 /* Base */,
			);
			name = LaunchScreen.storyboard;
			sourceTree = "<group>";
		};
/* End PBXVariantGroup section */

/* Begin XCBuildConfiguration section */
		44FD537326C29A1B00C0E931 /* Debug */ = {
			isa = XCBuildConfiguration;
			buildSettings = {
				ALWAYS_SEARCH_USER_PATHS = NO;
				CLANG_ANALYZER_NONNULL = YES;
				CLANG_ANALYZER_NUMBER_OBJECT_CONVERSION = YES_AGGRESSIVE;
				CLANG_CXX_LANGUAGE_STANDARD = "gnu++14";
				CLANG_CXX_LIBRARY = "libc++";
				CLANG_ENABLE_MODULES = YES;
				CLANG_ENABLE_OBJC_ARC = YES;
				CLANG_ENABLE_OBJC_WEAK = YES;
				CLANG_WARN_BLOCK_CAPTURE_AUTORELEASING = YES;
				CLANG_WARN_BOOL_CONVERSION = YES;
				CLANG_WARN_COMMA = YES;
				CLANG_WARN_CONSTANT_CONVERSION = YES;
				CLANG_WARN_DEPRECATED_OBJC_IMPLEMENTATIONS = YES;
				CLANG_WARN_DIRECT_OBJC_ISA_USAGE = YES_ERROR;
				CLANG_WARN_DOCUMENTATION_COMMENTS = YES;
				CLANG_WARN_EMPTY_BODY = YES;
				CLANG_WARN_ENUM_CONVERSION = YES;
				CLANG_WARN_INFINITE_RECURSION = YES;
				CLANG_WARN_INT_CONVERSION = YES;
				CLANG_WARN_NON_LITERAL_NULL_CONVERSION = YES;
				CLANG_WARN_OBJC_IMPLICIT_RETAIN_SELF = YES;
				CLANG_WARN_OBJC_LITERAL_CONVERSION = YES;
				CLANG_WARN_OBJC_ROOT_CLASS = YES_ERROR;
				CLANG_WARN_QUOTED_INCLUDE_IN_FRAMEWORK_HEADER = YES;
				CLANG_WARN_RANGE_LOOP_ANALYSIS = YES;
				CLANG_WARN_STRICT_PROTOTYPES = YES;
				CLANG_WARN_SUSPICIOUS_MOVE = YES;
				CLANG_WARN_UNGUARDED_AVAILABILITY = YES_AGGRESSIVE;
				CLANG_WARN_UNREACHABLE_CODE = YES;
				CLANG_WARN__DUPLICATE_METHOD_MATCH = YES;
				COPY_PHASE_STRIP = NO;
				DEBUG_INFORMATION_FORMAT = dwarf;
				ENABLE_STRICT_OBJC_MSGSEND = YES;
				ENABLE_TESTABILITY = YES;
				GCC_C_LANGUAGE_STANDARD = gnu11;
				GCC_DYNAMIC_NO_PIC = NO;
				GCC_NO_COMMON_BLOCKS = YES;
				GCC_OPTIMIZATION_LEVEL = 0;
				GCC_PREPROCESSOR_DEFINITIONS = (
					"DEBUG=1",
					"$(inherited)",
				);
				GCC_WARN_64_TO_32_BIT_CONVERSION = YES;
				GCC_WARN_ABOUT_RETURN_TYPE = YES_ERROR;
				GCC_WARN_UNDECLARED_SELECTOR = YES;
				GCC_WARN_UNINITIALIZED_AUTOS = YES_AGGRESSIVE;
				GCC_WARN_UNUSED_FUNCTION = YES;
				GCC_WARN_UNUSED_VARIABLE = YES;
				IPHONEOS_DEPLOYMENT_TARGET = 14.4;
				MTL_ENABLE_DEBUG_INFO = INCLUDE_SOURCE;
				MTL_FAST_MATH = YES;
				ONLY_ACTIVE_ARCH = YES;
				SDKROOT = iphoneos;
				SWIFT_ACTIVE_COMPILATION_CONDITIONS = DEBUG;
				SWIFT_OPTIMIZATION_LEVEL = "-Onone";
			};
			name = Debug;
		};
		44FD537426C29A1B00C0E931 /* Release */ = {
			isa = XCBuildConfiguration;
			buildSettings = {
				ALWAYS_SEARCH_USER_PATHS = NO;
				CLANG_ANALYZER_NONNULL = YES;
				CLANG_ANALYZER_NUMBER_OBJECT_CONVERSION = YES_AGGRESSIVE;
				CLANG_CXX_LANGUAGE_STANDARD = "gnu++14";
				CLANG_CXX_LIBRARY = "libc++";
				CLANG_ENABLE_MODULES = YES;
				CLANG_ENABLE_OBJC_ARC = YES;
				CLANG_ENABLE_OBJC_WEAK = YES;
				CLANG_WARN_BLOCK_CAPTURE_AUTORELEASING = YES;
				CLANG_WARN_BOOL_CONVERSION = YES;
				CLANG_WARN_COMMA = YES;
				CLANG_WARN_CONSTANT_CONVERSION = YES;
				CLANG_WARN_DEPRECATED_OBJC_IMPLEMENTATIONS = YES;
				CLANG_WARN_DIRECT_OBJC_ISA_USAGE = YES_ERROR;
				CLANG_WARN_DOCUMENTATION_COMMENTS = YES;
				CLANG_WARN_EMPTY_BODY = YES;
				CLANG_WARN_ENUM_CONVERSION = YES;
				CLANG_WARN_INFINITE_RECURSION = YES;
				CLANG_WARN_INT_CONVERSION = YES;
				CLANG_WARN_NON_LITERAL_NULL_CONVERSION = YES;
				CLANG_WARN_OBJC_IMPLICIT_RETAIN_SELF = YES;
				CLANG_WARN_OBJC_LITERAL_CONVERSION = YES;
				CLANG_WARN_OBJC_ROOT_CLASS = YES_ERROR;
				CLANG_WARN_QUOTED_INCLUDE_IN_FRAMEWORK_HEADER = YES;
				CLANG_WARN_RANGE_LOOP_ANALYSIS = YES;
				CLANG_WARN_STRICT_PROTOTYPES = YES;
				CLANG_WARN_SUSPICIOUS_MOVE = YES;
				CLANG_WARN_UNGUARDED_AVAILABILITY = YES_AGGRESSIVE;
				CLANG_WARN_UNREACHABLE_CODE = YES;
				CLANG_WARN__DUPLICATE_METHOD_MATCH = YES;
				COPY_PHASE_STRIP = NO;
				DEBUG_INFORMATION_FORMAT = "dwarf-with-dsym";
				ENABLE_NS_ASSERTIONS = NO;
				ENABLE_STRICT_OBJC_MSGSEND = YES;
				GCC_C_LANGUAGE_STANDARD = gnu11;
				GCC_NO_COMMON_BLOCKS = YES;
				GCC_WARN_64_TO_32_BIT_CONVERSION = YES;
				GCC_WARN_ABOUT_RETURN_TYPE = YES_ERROR;
				GCC_WARN_UNDECLARED_SELECTOR = YES;
				GCC_WARN_UNINITIALIZED_AUTOS = YES_AGGRESSIVE;
				GCC_WARN_UNUSED_FUNCTION = YES;
				GCC_WARN_UNUSED_VARIABLE = YES;
				IPHONEOS_DEPLOYMENT_TARGET = 14.4;
				MTL_ENABLE_DEBUG_INFO = NO;
				MTL_FAST_MATH = YES;
				SDKROOT = iphoneos;
				SWIFT_COMPILATION_MODE = wholemodule;
				SWIFT_OPTIMIZATION_LEVEL = "-O";
				VALIDATE_PRODUCT = YES;
			};
			name = Release;
		};
		44FD537626C29A1B00C0E931 /* Debug */ = {
			isa = XCBuildConfiguration;
			buildSettings = {
				ASSETCATALOG_COMPILER_APPICON_NAME = AppIcon;
				ASSETCATALOG_COMPILER_GLOBAL_ACCENT_COLOR_NAME = AccentColor;
				CODE_SIGN_STYLE = Automatic;
				DEVELOPMENT_TEAM = 5SXHZ3Y878;
				INFOPLIST_FILE = RandomProject/Info.plist;
				LD_RUNPATH_SEARCH_PATHS = (
					"$(inherited)",
					"@executable_path/Frameworks",
				);
				PRODUCT_BUNDLE_IDENTIFIER = ec.RandomProject;
				PRODUCT_NAME = "$(TARGET_NAME)";
				SWIFT_VERSION = 5.0;
				TARGETED_DEVICE_FAMILY = "1,2";
			};
			name = Debug;
		};
		44FD537726C29A1B00C0E931 /* Release */ = {
			isa = XCBuildConfiguration;
			buildSettings = {
				ASSETCATALOG_COMPILER_APPICON_NAME = AppIcon;
				ASSETCATALOG_COMPILER_GLOBAL_ACCENT_COLOR_NAME = AccentColor;
				CODE_SIGN_STYLE = Automatic;
				DEVELOPMENT_TEAM = 5SXHZ3Y878;
				INFOPLIST_FILE = RandomProject/Info.plist;
				LD_RUNPATH_SEARCH_PATHS = (
					"$(inherited)",
					"@executable_path/Frameworks",
				);
				PRODUCT_BUNDLE_IDENTIFIER = ec.RandomProject;
				PRODUCT_NAME = "$(TARGET_NAME)";
				SWIFT_VERSION = 5.0;
				TARGETED_DEVICE_FAMILY = "1,2";
			};
			name = Release;
		};
/* End XCBuildConfiguration section */

/* Begin XCConfigurationList section */
		44FD535C26C29A1300C0E931 /* Build configuration list for PBXProject "RandomProject" */ = {
			isa = XCConfigurationList;
			buildConfigurations = (
				44FD537326C29A1B00C0E931 /* Debug */,
				44FD537426C29A1B00C0E931 /* Release */,
			);
			defaultConfigurationIsVisible = 0;
			defaultConfigurationName = Release;
		};
		44FD537526C29A1B00C0E931 /* Build configuration list for PBXNativeTarget "RandomProject" */ = {
			isa = XCConfigurationList;
			buildConfigurations = (
				44FD537626C29A1B00C0E931 /* Debug */,
				44FD537726C29A1B00C0E931 /* Release */,
			);
			defaultConfigurationIsVisible = 0;
			defaultConfigurationName = Release;
		};
/* End XCConfigurationList section */
	};
	rootObject = 44FD535926C29A1300C0E931 /* Project object */;
}
